
Microsoft Visual Studio Solution File, Format Version 12.00
# Visual Studio Version 17
VisualStudioVersion = 17.4.33205.214
MinimumVisualStudioVersion = 10.0.40219.1
Project("{FAE04EC0-301F-11D3-BF4B-00C04F79EFBC}") = "SortierAlgorithmen", "SortierAlgorithmen\SortierAlgorithmen.csproj", "{A6BF1DC0-B735-476E-9428-91013F30783A}"
EndProject
Global
	GlobalSection(SolutionConfigurationPlatforms) = preSolution
		Debug|Any CPU = Debug|Any CPU
		Release|Any CPU = Release|Any CPU
	EndGlobalSection
	GlobalSection(ProjectConfigurationPlatforms) = postSolution
		{A6BF1DC0-B735-476E-9428-91013F30783A}.Debug|Any CPU.ActiveCfg = Debug|Any CPU
		{A6BF1DC0-B735-476E-9428-91013F30783A}.Debug|Any CPU.Build.0 = Debug|Any CPU
		{A6BF1DC0-B735-476E-9428-91013F30783A}.Release|Any CPU.ActiveCfg = Release|Any CPU
		{A6BF1DC0-B735-476E-9428-91013F30783A}.Release|Any CPU.Build.0 = Release|Any CPU
	EndGlobalSection
	GlobalSection(SolutionProperties) = preSolution
		HideSolutionNode = FALSE
	EndGlobalSection
	GlobalSection(ExtensibilityGlobals) = postSolution
		SolutionGuid = {035E2250-7C92-4D68-B13E-37BD5BCE6451}
	EndGlobalSection
EndGlobal
